// !$*UTF8*$!
{
	archiveVersion = 1;
	classes = {
	};
	objectVersion = 50;
	objects = {

/* Begin PBXBuildFile section */
		5C93BE7021FFAFA80040F8E7 /* ActivitiesTableViewController.swift in Sources */ = {isa = PBXBuildFile; fileRef = 5C93BE6F21FFAFA80040F8E7 /* ActivitiesTableViewController.swift */; };
		5CA0E89221EA54D00044B72E /* CafeDetailTableViewController.swift in Sources */ = {isa = PBXBuildFile; fileRef = 5CA0E89121EA54D00044B72E /* CafeDetailTableViewController.swift */; };
		5CB2A6512219BC560070EAE5 /* ActivityDetailTableViewController.swift in Sources */ = {isa = PBXBuildFile; fileRef = 5CB2A6502219BC560070EAE5 /* ActivityDetailTableViewController.swift */; };
		5CB2A6532219CCEC0070EAE5 /* User.swift in Sources */ = {isa = PBXBuildFile; fileRef = 5CB2A6522219CCEC0070EAE5 /* User.swift */; };
		5CBC517221E93F9B0079378B /* AppDelegate.swift in Sources */ = {isa = PBXBuildFile; fileRef = 5CBC517121E93F9B0079378B /* AppDelegate.swift */; };
		5CBC517421E93F9B0079378B /* CafeMapViewController.swift in Sources */ = {isa = PBXBuildFile; fileRef = 5CBC517321E93F9B0079378B /* CafeMapViewController.swift */; };
		5CBC517721E93F9B0079378B /* Main.storyboard in Resources */ = {isa = PBXBuildFile; fileRef = 5CBC517521E93F9B0079378B /* Main.storyboard */; };
		5CBC517921E93F9D0079378B /* Assets.xcassets in Resources */ = {isa = PBXBuildFile; fileRef = 5CBC517821E93F9D0079378B /* Assets.xcassets */; };
		5CBC517C21E93F9D0079378B /* LaunchScreen.storyboard in Resources */ = {isa = PBXBuildFile; fileRef = 5CBC517A21E93F9D0079378B /* LaunchScreen.storyboard */; };
		5CBC518721E93F9D0079378B /* ANGTests.swift in Sources */ = {isa = PBXBuildFile; fileRef = 5CBC518621E93F9D0079378B /* ANGTests.swift */; };
		5CBC519221E93F9D0079378B /* ANGUITests.swift in Sources */ = {isa = PBXBuildFile; fileRef = 5CBC519121E93F9D0079378B /* ANGUITests.swift */; };
		5CBC51A021E940BD0079378B /* Cafe.swift in Sources */ = {isa = PBXBuildFile; fileRef = 5CBC519F21E940BD0079378B /* Cafe.swift */; };
		5CBC51A421E941810079378B /* Location.swift in Sources */ = {isa = PBXBuildFile; fileRef = 5CBC51A321E941810079378B /* Location.swift */; };
		5CBC51A621E9423D0079378B /* AnnotatedLocation.swift in Sources */ = {isa = PBXBuildFile; fileRef = 5CBC51A521E9423D0079378B /* AnnotatedLocation.swift */; };
		5CD8B79621EE5C980095B21D /* Activity.swift in Sources */ = {isa = PBXBuildFile; fileRef = 5CD8B79521EE5C980095B21D /* Activity.swift */; };
/* End PBXBuildFile section */

/* Begin PBXContainerItemProxy section */
		5CBC518321E93F9D0079378B /* PBXContainerItemProxy */ = {
			isa = PBXContainerItemProxy;
			containerPortal = 5CBC516621E93F9B0079378B /* Project object */;
			proxyType = 1;
			remoteGlobalIDString = 5CBC516D21E93F9B0079378B;
			remoteInfo = ANG;
		};
		5CBC518E21E93F9D0079378B /* PBXContainerItemProxy */ = {
			isa = PBXContainerItemProxy;
			containerPortal = 5CBC516621E93F9B0079378B /* Project object */;
			proxyType = 1;
			remoteGlobalIDString = 5CBC516D21E93F9B0079378B;
			remoteInfo = ANG;
		};
/* End PBXContainerItemProxy section */

/* Begin PBXFileReference section */
		5C93BE6F21FFAFA80040F8E7 /* ActivitiesTableViewController.swift */ = {isa = PBXFileReference; lastKnownFileType = sourcecode.swift; path = ActivitiesTableViewController.swift; sourceTree = "<group>"; };
		5CA0E89121EA54D00044B72E /* CafeDetailTableViewController.swift */ = {isa = PBXFileReference; lastKnownFileType = sourcecode.swift; path = CafeDetailTableViewController.swift; sourceTree = "<group>"; };
		5CB2A6502219BC560070EAE5 /* ActivityDetailTableViewController.swift */ = {isa = PBXFileReference; lastKnownFileType = sourcecode.swift; path = ActivityDetailTableViewController.swift; sourceTree = "<group>"; };
		5CB2A6522219CCEC0070EAE5 /* User.swift */ = {isa = PBXFileReference; lastKnownFileType = sourcecode.swift; path = User.swift; sourceTree = "<group>"; };
		5CBC516E21E93F9B0079378B /* ANG.app */ = {isa = PBXFileReference; explicitFileType = wrapper.application; includeInIndex = 0; path = ANG.app; sourceTree = BUILT_PRODUCTS_DIR; };
		5CBC517121E93F9B0079378B /* AppDelegate.swift */ = {isa = PBXFileReference; lastKnownFileType = sourcecode.swift; path = AppDelegate.swift; sourceTree = "<group>"; };
		5CBC517321E93F9B0079378B /* CafeMapViewController.swift */ = {isa = PBXFileReference; lastKnownFileType = sourcecode.swift; path = CafeMapViewController.swift; sourceTree = "<group>"; };
		5CBC517621E93F9B0079378B /* Base */ = {isa = PBXFileReference; lastKnownFileType = file.storyboard; name = Base; path = Base.lproj/Main.storyboard; sourceTree = "<group>"; };
		5CBC517821E93F9D0079378B /* Assets.xcassets */ = {isa = PBXFileReference; lastKnownFileType = folder.assetcatalog; path = Assets.xcassets; sourceTree = "<group>"; };
		5CBC517B21E93F9D0079378B /* Base */ = {isa = PBXFileReference; lastKnownFileType = file.storyboard; name = Base; path = Base.lproj/LaunchScreen.storyboard; sourceTree = "<group>"; };
		5CBC517D21E93F9D0079378B /* Info.plist */ = {isa = PBXFileReference; lastKnownFileType = text.plist.xml; path = Info.plist; sourceTree = "<group>"; };
		5CBC518221E93F9D0079378B /* ANGTests.xctest */ = {isa = PBXFileReference; explicitFileType = wrapper.cfbundle; includeInIndex = 0; path = ANGTests.xctest; sourceTree = BUILT_PRODUCTS_DIR; };
		5CBC518621E93F9D0079378B /* ANGTests.swift */ = {isa = PBXFileReference; lastKnownFileType = sourcecode.swift; path = ANGTests.swift; sourceTree = "<group>"; };
		5CBC518821E93F9D0079378B /* Info.plist */ = {isa = PBXFileReference; lastKnownFileType = text.plist.xml; path = Info.plist; sourceTree = "<group>"; };
		5CBC518D21E93F9D0079378B /* ANGUITests.xctest */ = {isa = PBXFileReference; explicitFileType = wrapper.cfbundle; includeInIndex = 0; path = ANGUITests.xctest; sourceTree = BUILT_PRODUCTS_DIR; };
		5CBC519121E93F9D0079378B /* ANGUITests.swift */ = {isa = PBXFileReference; lastKnownFileType = sourcecode.swift; path = ANGUITests.swift; sourceTree = "<group>"; };
		5CBC519321E93F9D0079378B /* Info.plist */ = {isa = PBXFileReference; lastKnownFileType = text.plist.xml; path = Info.plist; sourceTree = "<group>"; };
		5CBC519F21E940BD0079378B /* Cafe.swift */ = {isa = PBXFileReference; lastKnownFileType = sourcecode.swift; path = Cafe.swift; sourceTree = "<group>"; };
		5CBC51A321E941810079378B /* Location.swift */ = {isa = PBXFileReference; lastKnownFileType = sourcecode.swift; path = Location.swift; sourceTree = "<group>"; };
		5CBC51A521E9423D0079378B /* AnnotatedLocation.swift */ = {isa = PBXFileReference; lastKnownFileType = sourcecode.swift; path = AnnotatedLocation.swift; sourceTree = "<group>"; };
		5CD8B79521EE5C980095B21D /* Activity.swift */ = {isa = PBXFileReference; lastKnownFileType = sourcecode.swift; path = Activity.swift; sourceTree = "<group>"; };
/* End PBXFileReference section */

/* Begin PBXFrameworksBuildPhase section */
		5CBC516B21E93F9B0079378B /* Frameworks */ = {
			isa = PBXFrameworksBuildPhase;
			buildActionMask = 2147483647;
			files = (
			);
			runOnlyForDeploymentPostprocessing = 0;
		};
		5CBC517F21E93F9D0079378B /* Frameworks */ = {
			isa = PBXFrameworksBuildPhase;
			buildActionMask = 2147483647;
			files = (
			);
			runOnlyForDeploymentPostprocessing = 0;
		};
		5CBC518A21E93F9D0079378B /* Frameworks */ = {
			isa = PBXFrameworksBuildPhase;
			buildActionMask = 2147483647;
			files = (
			);
			runOnlyForDeploymentPostprocessing = 0;
		};
/* End PBXFrameworksBuildPhase section */

/* Begin PBXGroup section */
		5CBC516521E93F9B0079378B = {
			isa = PBXGroup;
			children = (
				5CBC517021E93F9B0079378B /* ANG */,
				5CBC518521E93F9D0079378B /* ANGTests */,
				5CBC519021E93F9D0079378B /* ANGUITests */,
				5CBC516F21E93F9B0079378B /* Products */,
			);
			sourceTree = "<group>";
		};
		5CBC516F21E93F9B0079378B /* Products */ = {
			isa = PBXGroup;
			children = (
				5CBC516E21E93F9B0079378B /* ANG.app */,
				5CBC518221E93F9D0079378B /* ANGTests.xctest */,
				5CBC518D21E93F9D0079378B /* ANGUITests.xctest */,
			);
			name = Products;
			sourceTree = "<group>";
		};
		5CBC517021E93F9B0079378B /* ANG */ = {
			isa = PBXGroup;
			children = (
				5CBC517121E93F9B0079378B /* AppDelegate.swift */,
				5CBC51A121E940C10079378B /* Model */,
				5CBC51A221E940D10079378B /* View Controller */,
				5CBC517521E93F9B0079378B /* Main.storyboard */,
				5CBC517821E93F9D0079378B /* Assets.xcassets */,
				5CBC517A21E93F9D0079378B /* LaunchScreen.storyboard */,
				5CBC517D21E93F9D0079378B /* Info.plist */,
			);
			path = ANG;
			sourceTree = "<group>";
		};
		5CBC518521E93F9D0079378B /* ANGTests */ = {
			isa = PBXGroup;
			children = (
				5CBC518621E93F9D0079378B /* ANGTests.swift */,
				5CBC518821E93F9D0079378B /* Info.plist */,
			);
			path = ANGTests;
			sourceTree = "<group>";
		};
		5CBC519021E93F9D0079378B /* ANGUITests */ = {
			isa = PBXGroup;
			children = (
				5CBC519121E93F9D0079378B /* ANGUITests.swift */,
				5CBC519321E93F9D0079378B /* Info.plist */,
			);
			path = ANGUITests;
			sourceTree = "<group>";
		};
		5CBC51A121E940C10079378B /* Model */ = {
			isa = PBXGroup;
			children = (
				5CBC519F21E940BD0079378B /* Cafe.swift */,
				5CB2A6522219CCEC0070EAE5 /* User.swift */,
				5CBC51A521E9423D0079378B /* AnnotatedLocation.swift */,
				5CBC51A321E941810079378B /* Location.swift */,
				5CD8B79521EE5C980095B21D /* Activity.swift */,
			);
			path = Model;
			sourceTree = "<group>";
		};
		5CBC51A221E940D10079378B /* View Controller */ = {
			isa = PBXGroup;
			children = (
				5CBC517321E93F9B0079378B /* CafeMapViewController.swift */,
				5CA0E89121EA54D00044B72E /* CafeDetailTableViewController.swift */,
				5C93BE6F21FFAFA80040F8E7 /* ActivitiesTableViewController.swift */,
				5CB2A6502219BC560070EAE5 /* ActivityDetailTableViewController.swift */,
			);
			path = "View Controller";
			sourceTree = "<group>";
		};
/* End PBXGroup section */

/* Begin PBXNativeTarget section */
		5CBC516D21E93F9B0079378B /* ANG */ = {
			isa = PBXNativeTarget;
			buildConfigurationList = 5CBC519621E93F9D0079378B /* Build configuration list for PBXNativeTarget "ANG" */;
			buildPhases = (
				5CBC516A21E93F9B0079378B /* Sources */,
				5CBC516B21E93F9B0079378B /* Frameworks */,
				5CBC516C21E93F9B0079378B /* Resources */,
			);
			buildRules = (
			);
			dependencies = (
			);
			name = ANG;
			productName = ANG;
			productReference = 5CBC516E21E93F9B0079378B /* ANG.app */;
			productType = "com.apple.product-type.application";
		};
		5CBC518121E93F9D0079378B /* ANGTests */ = {
			isa = PBXNativeTarget;
			buildConfigurationList = 5CBC519921E93F9D0079378B /* Build configuration list for PBXNativeTarget "ANGTests" */;
			buildPhases = (
				5CBC517E21E93F9D0079378B /* Sources */,
				5CBC517F21E93F9D0079378B /* Frameworks */,
				5CBC518021E93F9D0079378B /* Resources */,
			);
			buildRules = (
			);
			dependencies = (
				5CBC518421E93F9D0079378B /* PBXTargetDependency */,
			);
			name = ANGTests;
			productName = ANGTests;
			productReference = 5CBC518221E93F9D0079378B /* ANGTests.xctest */;
			productType = "com.apple.product-type.bundle.unit-test";
		};
		5CBC518C21E93F9D0079378B /* ANGUITests */ = {
			isa = PBXNativeTarget;
			buildConfigurationList = 5CBC519C21E93F9D0079378B /* Build configuration list for PBXNativeTarget "ANGUITests" */;
			buildPhases = (
				5CBC518921E93F9D0079378B /* Sources */,
				5CBC518A21E93F9D0079378B /* Frameworks */,
				5CBC518B21E93F9D0079378B /* Resources */,
			);
			buildRules = (
			);
			dependencies = (
				5CBC518F21E93F9D0079378B /* PBXTargetDependency */,
			);
			name = ANGUITests;
			productName = ANGUITests;
			productReference = 5CBC518D21E93F9D0079378B /* ANGUITests.xctest */;
			productType = "com.apple.product-type.bundle.ui-testing";
		};
/* End PBXNativeTarget section */

/* Begin PBXProject section */
		5CBC516621E93F9B0079378B /* Project object */ = {
			isa = PBXProject;
			attributes = {
				LastSwiftUpdateCheck = 1010;
				LastUpgradeCheck = 1010;
				ORGANIZATIONNAME = "Gerjan te Velde";
				TargetAttributes = {
					5CBC516D21E93F9B0079378B = {
						CreatedOnToolsVersion = 10.1;
					};
					5CBC518121E93F9D0079378B = {
						CreatedOnToolsVersion = 10.1;
						TestTargetID = 5CBC516D21E93F9B0079378B;
					};
					5CBC518C21E93F9D0079378B = {
						CreatedOnToolsVersion = 10.1;
						TestTargetID = 5CBC516D21E93F9B0079378B;
					};
				};
			};
			buildConfigurationList = 5CBC516921E93F9B0079378B /* Build configuration list for PBXProject "ANG" */;
			compatibilityVersion = "Xcode 9.3";
			developmentRegion = en;
			hasScannedForEncodings = 0;
			knownRegions = (
				en,
				Base,
			);
			mainGroup = 5CBC516521E93F9B0079378B;
			productRefGroup = 5CBC516F21E93F9B0079378B /* Products */;
			projectDirPath = "";
			projectRoot = "";
			targets = (
				5CBC516D21E93F9B0079378B /* ANG */,
				5CBC518121E93F9D0079378B /* ANGTests */,
				5CBC518C21E93F9D0079378B /* ANGUITests */,
			);
		};
/* End PBXProject section */

/* Begin PBXResourcesBuildPhase section */
		5CBC516C21E93F9B0079378B /* Resources */ = {
			isa = PBXResourcesBuildPhase;
			buildActionMask = 2147483647;
			files = (
				5CBC517C21E93F9D0079378B /* LaunchScreen.storyboard in Resources */,
				5CBC517921E93F9D0079378B /* Assets.xcassets in Resources */,
				5CBC517721E93F9B0079378B /* Main.storyboard in Resources */,
			);
			runOnlyForDeploymentPostprocessing = 0;
		};
		5CBC518021E93F9D0079378B /* Resources */ = {
			isa = PBXResourcesBuildPhase;
			buildActionMask = 2147483647;
			files = (
			);
			runOnlyForDeploymentPostprocessing = 0;
		};
		5CBC518B21E93F9D0079378B /* Resources */ = {
			isa = PBXResourcesBuildPhase;
			buildActionMask = 2147483647;
			files = (
			);
			runOnlyForDeploymentPostprocessing = 0;
		};
/* End PBXResourcesBuildPhase section */

/* Begin PBXSourcesBuildPhase section */
		5CBC516A21E93F9B0079378B /* Sources */ = {
			isa = PBXSourcesBuildPhase;
			buildActionMask = 2147483647;
			files = (
				5CBC517421E93F9B0079378B /* CafeMapViewController.swift in Sources */,
				5CB2A6512219BC560070EAE5 /* ActivityDetailTableViewController.swift in Sources */,
				5CBC517221E93F9B0079378B /* AppDelegate.swift in Sources */,
				5CD8B79621EE5C980095B21D /* Activity.swift in Sources */,
				5CBC51A421E941810079378B /* Location.swift in Sources */,
				5CA0E89221EA54D00044B72E /* CafeDetailTableViewController.swift in Sources */,
				5C93BE7021FFAFA80040F8E7 /* ActivitiesTableViewController.swift in Sources */,
				5CBC51A021E940BD0079378B /* Cafe.swift in Sources */,
				5CB2A6532219CCEC0070EAE5 /* User.swift in Sources */,
				5CBC51A621E9423D0079378B /* AnnotatedLocation.swift in Sources */,
			);
			runOnlyForDeploymentPostprocessing = 0;
		};
		5CBC517E21E93F9D0079378B /* Sources */ = {
			isa = PBXSourcesBuildPhase;
			buildActionMask = 2147483647;
			files = (
				5CBC518721E93F9D0079378B /* ANGTests.swift in Sources */,
			);
			runOnlyForDeploymentPostprocessing = 0;
		};
		5CBC518921E93F9D0079378B /* Sources */ = {
			isa = PBXSourcesBuildPhase;
			buildActionMask = 2147483647;
			files = (
				5CBC519221E93F9D0079378B /* ANGUITests.swift in Sources */,
			);
			runOnlyForDeploymentPostprocessing = 0;
		};
/* End PBXSourcesBuildPhase section */

/* Begin PBXTargetDependency section */
		5CBC518421E93F9D0079378B /* PBXTargetDependency */ = {
			isa = PBXTargetDependency;
			target = 5CBC516D21E93F9B0079378B /* ANG */;
			targetProxy = 5CBC518321E93F9D0079378B /* PBXContainerItemProxy */;
		};
		5CBC518F21E93F9D0079378B /* PBXTargetDependency */ = {
			isa = PBXTargetDependency;
			target = 5CBC516D21E93F9B0079378B /* ANG */;
			targetProxy = 5CBC518E21E93F9D0079378B /* PBXContainerItemProxy */;
		};
/* End PBXTargetDependency section */

/* Begin PBXVariantGroup section */
		5CBC517521E93F9B0079378B /* Main.storyboard */ = {
			isa = PBXVariantGroup;
			children = (
				5CBC517621E93F9B0079378B /* Base */,
			);
			name = Main.storyboard;
			sourceTree = "<group>";
		};
		5CBC517A21E93F9D0079378B /* LaunchScreen.storyboard */ = {
			isa = PBXVariantGroup;
			children = (
				5CBC517B21E93F9D0079378B /* Base */,
			);
			name = LaunchScreen.storyboard;
			sourceTree = "<group>";
		};
/* End PBXVariantGroup section */

/* Begin XCBuildConfiguration section */
		5CBC519421E93F9D0079378B /* Debug */ = {
			isa = XCBuildConfiguration;
			buildSettings = {
				ALWAYS_SEARCH_USER_PATHS = NO;
				CLANG_ANALYZER_NONNULL = YES;
				CLANG_ANALYZER_NUMBER_OBJECT_CONVERSION = YES_AGGRESSIVE;
				CLANG_CXX_LANGUAGE_STANDARD = "gnu++14";
				CLANG_CXX_LIBRARY = "libc++";
				CLANG_ENABLE_MODULES = YES;
				CLANG_ENABLE_OBJC_ARC = YES;
				CLANG_ENABLE_OBJC_WEAK = YES;
				CLANG_WARN_BLOCK_CAPTURE_AUTORELEASING = YES;
				CLANG_WARN_BOOL_CONVERSION = YES;
				CLANG_WARN_COMMA = YES;
				CLANG_WARN_CONSTANT_CONVERSION = YES;
				CLANG_WARN_DEPRECATED_OBJC_IMPLEMENTATIONS = YES;
				CLANG_WARN_DIRECT_OBJC_ISA_USAGE = YES_ERROR;
				CLANG_WARN_DOCUMENTATION_COMMENTS = YES;
				CLANG_WARN_EMPTY_BODY = YES;
				CLANG_WARN_ENUM_CONVERSION = YES;
				CLANG_WARN_INFINITE_RECURSION = YES;
				CLANG_WARN_INT_CONVERSION = YES;
				CLANG_WARN_NON_LITERAL_NULL_CONVERSION = YES;
				CLANG_WARN_OBJC_IMPLICIT_RETAIN_SELF = YES;
				CLANG_WARN_OBJC_LITERAL_CONVERSION = YES;
				CLANG_WARN_OBJC_ROOT_CLASS = YES_ERROR;
				CLANG_WARN_RANGE_LOOP_ANALYSIS = YES;
				CLANG_WARN_STRICT_PROTOTYPES = YES;
				CLANG_WARN_SUSPICIOUS_MOVE = YES;
				CLANG_WARN_UNGUARDED_AVAILABILITY = YES_AGGRESSIVE;
				CLANG_WARN_UNREACHABLE_CODE = YES;
				CLANG_WARN__DUPLICATE_METHOD_MATCH = YES;
				CODE_SIGN_IDENTITY = "iPhone Developer";
				COPY_PHASE_STRIP = NO;
				DEBUG_INFORMATION_FORMAT = dwarf;
				ENABLE_STRICT_OBJC_MSGSEND = YES;
				ENABLE_TESTABILITY = YES;
				GCC_C_LANGUAGE_STANDARD = gnu11;
				GCC_DYNAMIC_NO_PIC = NO;
				GCC_NO_COMMON_BLOCKS = YES;
				GCC_OPTIMIZATION_LEVEL = 0;
				GCC_PREPROCESSOR_DEFINITIONS = (
					"DEBUG=1",
					"$(inherited)",
				);
				GCC_WARN_64_TO_32_BIT_CONVERSION = YES;
				GCC_WARN_ABOUT_RETURN_TYPE = YES_ERROR;
				GCC_WARN_UNDECLARED_SELECTOR = YES;
				GCC_WARN_UNINITIALIZED_AUTOS = YES_AGGRESSIVE;
				GCC_WARN_UNUSED_FUNCTION = YES;
				GCC_WARN_UNUSED_VARIABLE = YES;
				IPHONEOS_DEPLOYMENT_TARGET = 12.1;
				MTL_ENABLE_DEBUG_INFO = INCLUDE_SOURCE;
				MTL_FAST_MATH = YES;
				ONLY_ACTIVE_ARCH = YES;
				SDKROOT = iphoneos;
				SWIFT_ACTIVE_COMPILATION_CONDITIONS = DEBUG;
				SWIFT_OPTIMIZATION_LEVEL = "-Onone";
			};
			name = Debug;
		};
		5CBC519521E93F9D0079378B /* Release */ = {
			isa = XCBuildConfiguration;
			buildSettings = {
				ALWAYS_SEARCH_USER_PATHS = NO;
				CLANG_ANALYZER_NONNULL = YES;
				CLANG_ANALYZER_NUMBER_OBJECT_CONVERSION = YES_AGGRESSIVE;
				CLANG_CXX_LANGUAGE_STANDARD = "gnu++14";
				CLANG_CXX_LIBRARY = "libc++";
				CLANG_ENABLE_MODULES = YES;
				CLANG_ENABLE_OBJC_ARC = YES;
				CLANG_ENABLE_OBJC_WEAK = YES;
				CLANG_WARN_BLOCK_CAPTURE_AUTORELEASING = YES;
				CLANG_WARN_BOOL_CONVERSION = YES;
				CLANG_WARN_COMMA = YES;
				CLANG_WARN_CONSTANT_CONVERSION = YES;
				CLANG_WARN_DEPRECATED_OBJC_IMPLEMENTATIONS = YES;
				CLANG_WARN_DIRECT_OBJC_ISA_USAGE = YES_ERROR;
				CLANG_WARN_DOCUMENTATION_COMMENTS = YES;
				CLANG_WARN_EMPTY_BODY = YES;
				CLANG_WARN_ENUM_CONVERSION = YES;
				CLANG_WARN_INFINITE_RECURSION = YES;
				CLANG_WARN_INT_CONVERSION = YES;
				CLANG_WARN_NON_LITERAL_NULL_CONVERSION = YES;
				CLANG_WARN_OBJC_IMPLICIT_RETAIN_SELF = YES;
				CLANG_WARN_OBJC_LITERAL_CONVERSION = YES;
				CLANG_WARN_OBJC_ROOT_CLASS = YES_ERROR;
				CLANG_WARN_RANGE_LOOP_ANALYSIS = YES;
				CLANG_WARN_STRICT_PROTOTYPES = YES;
				CLANG_WARN_SUSPICIOUS_MOVE = YES;
				CLANG_WARN_UNGUARDED_AVAILABILITY = YES_AGGRESSIVE;
				CLANG_WARN_UNREACHABLE_CODE = YES;
				CLANG_WARN__DUPLICATE_METHOD_MATCH = YES;
				CODE_SIGN_IDENTITY = "iPhone Developer";
				COPY_PHASE_STRIP = NO;
				DEBUG_INFORMATION_FORMAT = "dwarf-with-dsym";
				ENABLE_NS_ASSERTIONS = NO;
				ENABLE_STRICT_OBJC_MSGSEND = YES;
				GCC_C_LANGUAGE_STANDARD = gnu11;
				GCC_NO_COMMON_BLOCKS = YES;
				GCC_WARN_64_TO_32_BIT_CONVERSION = YES;
				GCC_WARN_ABOUT_RETURN_TYPE = YES_ERROR;
				GCC_WARN_UNDECLARED_SELECTOR = YES;
				GCC_WARN_UNINITIALIZED_AUTOS = YES_AGGRESSIVE;
				GCC_WARN_UNUSED_FUNCTION = YES;
				GCC_WARN_UNUSED_VARIABLE = YES;
				IPHONEOS_DEPLOYMENT_TARGET = 12.1;
				MTL_ENABLE_DEBUG_INFO = NO;
				MTL_FAST_MATH = YES;
				SDKROOT = iphoneos;
				SWIFT_COMPILATION_MODE = wholemodule;
				SWIFT_OPTIMIZATION_LEVEL = "-O";
				VALIDATE_PRODUCT = YES;
			};
			name = Release;
		};
		5CBC519721E93F9D0079378B /* Debug */ = {
			isa = XCBuildConfiguration;
			buildSettings = {
				ASSETCATALOG_COMPILER_APPICON_NAME = AppIcon;
				CODE_SIGN_STYLE = Automatic;
				DEVELOPMENT_TEAM = ZGNJ8Z375R;
				INFOPLIST_FILE = ANG/Info.plist;
				LD_RUNPATH_SEARCH_PATHS = (
					"$(inherited)",
					"@executable_path/Frameworks",
				);
				PRODUCT_BUNDLE_IDENTIFIER = nl.gerjantevelde.ANG;
				PRODUCT_NAME = "$(TARGET_NAME)";
				SWIFT_VERSION = 4.2;
				TARGETED_DEVICE_FAMILY = "1,2";
			};
			name = Debug;
		};
		5CBC519821E93F9D0079378B /* Release */ = {
			isa = XCBuildConfiguration;
			buildSettings = {
				ASSETCATALOG_COMPILER_APPICON_NAME = AppIcon;
				CODE_SIGN_STYLE = Automatic;
				DEVELOPMENT_TEAM = ZGNJ8Z375R;
				INFOPLIST_FILE = ANG/Info.plist;
				LD_RUNPATH_SEARCH_PATHS = (
					"$(inherited)",
					"@executable_path/Frameworks",
				);
				PRODUCT_BUNDLE_IDENTIFIER = nl.gerjantevelde.ANG;
				PRODUCT_NAME = "$(TARGET_NAME)";
				SWIFT_VERSION = 4.2;
				TARGETED_DEVICE_FAMILY = "1,2";
			};
			name = Release;
		};
		5CBC519A21E93F9D0079378B /* Debug */ = {
			isa = XCBuildConfiguration;
			buildSettings = {
				ALWAYS_EMBED_SWIFT_STANDARD_LIBRARIES = YES;
				BUNDLE_LOADER = "$(TEST_HOST)";
				CODE_SIGN_STYLE = Automatic;
				DEVELOPMENT_TEAM = ZGNJ8Z375R;
				INFOPLIST_FILE = ANGTests/Info.plist;
				LD_RUNPATH_SEARCH_PATHS = (
					"$(inherited)",
					"@executable_path/Frameworks",
					"@loader_path/Frameworks",
				);
				PRODUCT_BUNDLE_IDENTIFIER = nl.gerjantevelde.ANGTests;
				PRODUCT_NAME = "$(TARGET_NAME)";
				SWIFT_VERSION = 4.2;
				TARGETED_DEVICE_FAMILY = "1,2";
				TEST_HOST = "$(BUILT_PRODUCTS_DIR)/ANG.app/ANG";
			};
			name = Debug;
		};
		5CBC519B21E93F9D0079378B /* Release */ = {
			isa = XCBuildConfiguration;
			buildSettings = {
				ALWAYS_EMBED_SWIFT_STANDARD_LIBRARIES = YES;
				BUNDLE_LOADER = "$(TEST_HOST)";
				CODE_SIGN_STYLE = Automatic;
				DEVELOPMENT_TEAM = ZGNJ8Z375R;
				INFOPLIST_FILE = ANGTests/Info.plist;
				LD_RUNPATH_SEARCH_PATHS = (
					"$(inherited)",
					"@executable_path/Frameworks",
					"@loader_path/Frameworks",
				);
				PRODUCT_BUNDLE_IDENTIFIER = nl.gerjantevelde.ANGTests;
				PRODUCT_NAME = "$(TARGET_NAME)";
				SWIFT_VERSION = 4.2;
				TARGETED_DEVICE_FAMILY = "1,2";
				TEST_HOST = "$(BUILT_PRODUCTS_DIR)/ANG.app/ANG";
			};
			name = Release;
		};
		5CBC519D21E93F9D0079378B /* Debug */ = {
			isa = XCBuildConfiguration;
			buildSettings = {
				ALWAYS_EMBED_SWIFT_STANDARD_LIBRARIES = YES;
				CODE_SIGN_STYLE = Automatic;
				DEVELOPMENT_TEAM = ZGNJ8Z375R;
				INFOPLIST_FILE = ANGUITests/Info.plist;
				LD_RUNPATH_SEARCH_PATHS = (
					"$(inherited)",
					"@executable_path/Frameworks",
					"@loader_path/Frameworks",
				);
				PRODUCT_BUNDLE_IDENTIFIER = nl.gerjantevelde.ANGUITests;
				PRODUCT_NAME = "$(TARGET_NAME)";
				SWIFT_VERSION = 4.2;
				TARGETED_DEVICE_FAMILY = "1,2";
				TEST_TARGET_NAME = ANG;
			};
			name = Debug;
		};
		5CBC519E21E93F9D0079378B /* Release */ = {
			isa = XCBuildConfiguration;
			buildSettings = {
				ALWAYS_EMBED_SWIFT_STANDARD_LIBRARIES = YES;
				CODE_SIGN_STYLE = Automatic;
				DEVELOPMENT_TEAM = ZGNJ8Z375R;
				INFOPLIST_FILE = ANGUITests/Info.plist;
				LD_RUNPATH_SEARCH_PATHS = (
					"$(inherited)",
					"@executable_path/Frameworks",
					"@loader_path/Frameworks",
				);
				PRODUCT_BUNDLE_IDENTIFIER = nl.gerjantevelde.ANGUITests;
				PRODUCT_NAME = "$(TARGET_NAME)";
				SWIFT_VERSION = 4.2;
				TARGETED_DEVICE_FAMILY = "1,2";
				TEST_TARGET_NAME = ANG;
			};
			name = Release;
		};
/* End XCBuildConfiguration section */

/* Begin XCConfigurationList section */
		5CBC516921E93F9B0079378B /* Build configuration list for PBXProject "ANG" */ = {
			isa = XCConfigurationList;
			buildConfigurations = (
				5CBC519421E93F9D0079378B /* Debug */,
				5CBC519521E93F9D0079378B /* Release */,
			);
			defaultConfigurationIsVisible = 0;
			defaultConfigurationName = Release;
		};
		5CBC519621E93F9D0079378B /* Build configuration list for PBXNativeTarget "ANG" */ = {
			isa = XCConfigurationList;
			buildConfigurations = (
				5CBC519721E93F9D0079378B /* Debug */,
				5CBC519821E93F9D0079378B /* Release */,
			);
			defaultConfigurationIsVisible = 0;
			defaultConfigurationName = Release;
		};
		5CBC519921E93F9D0079378B /* Build configuration list for PBXNativeTarget "ANGTests" */ = {
			isa = XCConfigurationList;
			buildConfigurations = (
				5CBC519A21E93F9D0079378B /* Debug */,
				5CBC519B21E93F9D0079378B /* Release */,
			);
			defaultConfigurationIsVisible = 0;
			defaultConfigurationName = Release;
		};
		5CBC519C21E93F9D0079378B /* Build configuration list for PBXNativeTarget "ANGUITests" */ = {
			isa = XCConfigurationList;
			buildConfigurations = (
				5CBC519D21E93F9D0079378B /* Debug */,
				5CBC519E21E93F9D0079378B /* Release */,
			);
			defaultConfigurationIsVisible = 0;
			defaultConfigurationName = Release;
		};
/* End XCConfigurationList section */
	};
	rootObject = 5CBC516621E93F9B0079378B /* Project object */;
}
